
Microsoft Visual Studio Solution File, Format Version 12.00
# Visual Studio Version 16
VisualStudioVersion = 16.0.31729.503
MinimumVisualStudioVersion = 10.0.40219.1
Project("{FAE04EC0-301F-11D3-BF4B-00C04F79EFBC}") = "WebApplication2", "WebApplication2\WebApplication2.csproj", "{BD717959-2822-4D35-B726-D933972AC86A}"
EndProject
Global
	GlobalSection(SolutionConfigurationPlatforms) = preSolution
		Debug|Any CPU = Debug|Any CPU
		Release|Any CPU = Release|Any CPU
	EndGlobalSection
	GlobalSection(ProjectConfigurationPlatforms) = postSolution
		{BD717959-2822-4D35-B726-D933972AC86A}.Debug|Any CPU.ActiveCfg = Debug|Any CPU
		{BD717959-2822-4D35-B726-D933972AC86A}.Debug|Any CPU.Build.0 = Debug|Any CPU
		{BD717959-2822-4D35-B726-D933972AC86A}.Release|Any CPU.ActiveCfg = Release|Any CPU
		{BD717959-2822-4D35-B726-D933972AC86A}.Release|Any CPU.Build.0 = Release|Any CPU
	EndGlobalSection
	GlobalSection(SolutionProperties) = preSolution
		HideSolutionNode = FALSE
	EndGlobalSection
	GlobalSection(ExtensibilityGlobals) = postSolution
		SolutionGuid = {0864C5A5-7B3D-4D8A-B303-231549B16A25}
	EndGlobalSection
EndGlobal
